
Microsoft Visual Studio Solution File, Format Version 12.00
Project("{FAE04EC0-301F-11D3-BF4B-00C04F79EFBC}") = "1768_MergeStringsAlternatly", "1768_MergeStringsAlternatly\1768_MergeStringsAlternatly.csproj", "{47819E07-5F6A-4AC1-B359-4CAAF57A45E7}"
EndProject
Global
	GlobalSection(SolutionConfigurationPlatforms) = preSolution
		Debug|Any CPU = Debug|Any CPU
		Release|Any CPU = Release|Any CPU
	EndGlobalSection
	GlobalSection(ProjectConfigurationPlatforms) = postSolution
		{47819E07-5F6A-4AC1-B359-4CAAF57A45E7}.Debug|Any CPU.ActiveCfg = Debug|Any CPU
		{47819E07-5F6A-4AC1-B359-4CAAF57A45E7}.Debug|Any CPU.Build.0 = Debug|Any CPU
		{47819E07-5F6A-4AC1-B359-4CAAF57A45E7}.Release|Any CPU.ActiveCfg = Release|Any CPU
		{47819E07-5F6A-4AC1-B359-4CAAF57A45E7}.Release|Any CPU.Build.0 = Release|Any CPU
	EndGlobalSection
EndGlobal
